{
  "nodes": {
    "nixpkgs": {
      "locked": {
        "lastModified": 1773814637,
        "narHash": "sha256-GNU+ooRmrHLfjlMsKdn0prEKVa0faVanm0jrgu1J/gY=",
        "rev": "fea3b367d61c1a6592bc47c72f40a9f3e6a53e96",
        "revCount": 909593,
        "type": "tarball",
        "url": "https://api.flakehub.com/f/pinned/NixOS/nixpkgs/0.2511.909593%2Brev-fea3b367d61c1a6592bc47c72f40a9f3e6a53e96/019d0213-c6be-7375-97cd-d8fa200fb1ac/source.tar.gz"
      },
      "original": {
        "type": "tarball",
        "url": "https://flakehub.com/f/NixOS/nixpkgs/0"
      }
    },
    "root": {
      "inputs": {
        "nixpkgs": "nixpkgs"
      }
    }
  },
  "root": "root",
  "version": 7
}
